
Microsoft Visual Studio Solution File, Format Version 12.00
# Visual Studio Version 17
VisualStudioVersion = 17.6.33829.357
MinimumVisualStudioVersion = 10.0.40219.1
Project("{8BC9CEB8-8B4A-11D0-8D11-00A0C91BC942}") = "Big_O(n)", "Big_O(n)\Big_O(n).vcxproj", "{A3F1C77E-408A-4368-A65B-D75C434FF1FF}"
EndProject
Global
	GlobalSection(SolutionConfigurationPlatforms) = preSolution
		Debug|x64 = Debug|x64
		Debug|x86 = Debug|x86
		Release|x64 = Release|x64
		Release|x86 = Release|x86
	EndGlobalSection
	GlobalSection(ProjectConfigurationPlatforms) = postSolution
		{A3F1C77E-408A-4368-A65B-D75C434FF1FF}.Debug|x64.ActiveCfg = Debug|x64
		{A3F1C77E-408A-4368-A65B-D75C434FF1FF}.Debug|x64.Build.0 = Debug|x64
		{A3F1C77E-408A-4368-A65B-D75C434FF1FF}.Debug|x86.ActiveCfg = Debug|Win32
		{A3F1C77E-408A-4368-A65B-D75C434FF1FF}.Debug|x86.Build.0 = Debug|Win32
		{A3F1C77E-408A-4368-A65B-D75C434FF1FF}.Release|x64.ActiveCfg = Release|x64
		{A3F1C77E-408A-4368-A65B-D75C434FF1FF}.Release|x64.Build.0 = Release|x64
		{A3F1C77E-408A-4368-A65B-D75C434FF1FF}.Release|x86.ActiveCfg = Release|Win32
		{A3F1C77E-408A-4368-A65B-D75C434FF1FF}.Release|x86.Build.0 = Release|Win32
	EndGlobalSection
	GlobalSection(SolutionProperties) = preSolution
		HideSolutionNode = FALSE
	EndGlobalSection
	GlobalSection(ExtensibilityGlobals) = postSolution
		SolutionGuid = {8DE4CA17-DC2E-46D3-BEA5-B27C4D5DC3F7}
	EndGlobalSection
EndGlobal
