
Microsoft Visual Studio Solution File, Format Version 12.00
# Visual Studio Version 17
VisualStudioVersion = 17.6.33829.357
MinimumVisualStudioVersion = 10.0.40219.1
Project("{8BC9CEB8-8B4A-11D0-8D11-00A0C91BC942}") = "Linked_List", "Linked_List\Linked_List.vcxproj", "{4E6BF0F9-27F8-4578-A396-4CEFC04BA166}"
EndProject
Global
	GlobalSection(SolutionConfigurationPlatforms) = preSolution
		Debug|x64 = Debug|x64
		Debug|x86 = Debug|x86
		Release|x64 = Release|x64
		Release|x86 = Release|x86
	EndGlobalSection
	GlobalSection(ProjectConfigurationPlatforms) = postSolution
		{4E6BF0F9-27F8-4578-A396-4CEFC04BA166}.Debug|x64.ActiveCfg = Debug|x64
		{4E6BF0F9-27F8-4578-A396-4CEFC04BA166}.Debug|x64.Build.0 = Debug|x64
		{4E6BF0F9-27F8-4578-A396-4CEFC04BA166}.Debug|x86.ActiveCfg = Debug|Win32
		{4E6BF0F9-27F8-4578-A396-4CEFC04BA166}.Debug|x86.Build.0 = Debug|Win32
		{4E6BF0F9-27F8-4578-A396-4CEFC04BA166}.Release|x64.ActiveCfg = Release|x64
		{4E6BF0F9-27F8-4578-A396-4CEFC04BA166}.Release|x64.Build.0 = Release|x64
		{4E6BF0F9-27F8-4578-A396-4CEFC04BA166}.Release|x86.ActiveCfg = Release|Win32
		{4E6BF0F9-27F8-4578-A396-4CEFC04BA166}.Release|x86.Build.0 = Release|Win32
	EndGlobalSection
	GlobalSection(SolutionProperties) = preSolution
		HideSolutionNode = FALSE
	EndGlobalSection
	GlobalSection(ExtensibilityGlobals) = postSolution
		SolutionGuid = {A53CED24-54C1-43D5-B438-0ADFBDCA9B7B}
	EndGlobalSection
EndGlobal
